// !$*UTF8*$!
{
	archiveVersion = 1;
	classes = {
	};
	objectVersion = 46;
	objects = {

/* Begin PBXBuildFile section */
		5221C54A1FDF7847003B0F6F /* SMSCountButton.swift in Sources */ = {isa = PBXBuildFile; fileRef = 5221C5491FDF7847003B0F6F /* SMSCountButton.swift */; };
		522DD3931FCE4EA200AE9D62 /* CardDepleteView.swift in Sources */ = {isa = PBXBuildFile; fileRef = 522DD3921FCE4EA200AE9D62 /* CardDepleteView.swift */; };
		522DD3951FCE4EFE00AE9D62 /* CardBuyView.swift in Sources */ = {isa = PBXBuildFile; fileRef = 522DD3941FCE4EFE00AE9D62 /* CardBuyView.swift */; };
		522DD3981FCE556D00AE9D62 /* PurchaseView.swift in Sources */ = {isa = PBXBuildFile; fileRef = 522DD3971FCE556D00AE9D62 /* PurchaseView.swift */; };
		522DD39A1FCE67F500AE9D62 /* OrdersView.swift in Sources */ = {isa = PBXBuildFile; fileRef = 522DD3991FCE67F500AE9D62 /* OrdersView.swift */; };
		522DD39C1FCE7DED00AE9D62 /* OrdersListView.swift in Sources */ = {isa = PBXBuildFile; fileRef = 522DD39B1FCE7DED00AE9D62 /* OrdersListView.swift */; };
		522DD3A01FCEA59800AE9D62 /* CustomerTableCellModel.swift in Sources */ = {isa = PBXBuildFile; fileRef = 522DD39F1FCEA59800AE9D62 /* CustomerTableCellModel.swift */; };
		522DDCCE1FE0D37A00F4B296 /* ModifyTelView.swift in Sources */ = {isa = PBXBuildFile; fileRef = 522DDCCD1FE0D37A00F4B296 /* ModifyTelView.swift */; };
		5232C6311FE1045E0004CF72 /* BannerView.swift in Sources */ = {isa = PBXBuildFile; fileRef = 5232C61F1FE1045E0004CF72 /* BannerView.swift */; };
		5232C6321FE1045E0004CF72 /* CustomerTableCell.swift in Sources */ = {isa = PBXBuildFile; fileRef = 5232C6201FE1045E0004CF72 /* CustomerTableCell.swift */; };
		5232C6331FE1045E0004CF72 /* CustomerTableCell.xib in Resources */ = {isa = PBXBuildFile; fileRef = 5232C6211FE1045E0004CF72 /* CustomerTableCell.xib */; };
		5232C6341FE1045E0004CF72 /* GoodsViewCell.swift in Sources */ = {isa = PBXBuildFile; fileRef = 5232C6221FE1045E0004CF72 /* GoodsViewCell.swift */; };
		5232C6351FE1045E0004CF72 /* GoodsViewCell.xib in Resources */ = {isa = PBXBuildFile; fileRef = 5232C6231FE1045E0004CF72 /* GoodsViewCell.xib */; };
		5232C6361FE1045E0004CF72 /* OrderListCell.swift in Sources */ = {isa = PBXBuildFile; fileRef = 5232C6241FE1045E0004CF72 /* OrderListCell.swift */; };
		5232C6371FE1045E0004CF72 /* OrderListCell.xib in Resources */ = {isa = PBXBuildFile; fileRef = 5232C6251FE1045E0004CF72 /* OrderListCell.xib */; };
		5232C6391FE1045E0004CF72 /* ProfileHeadCell.swift in Sources */ = {isa = PBXBuildFile; fileRef = 5232C6271FE1045E0004CF72 /* ProfileHeadCell.swift */; };
		5232C63A1FE1045E0004CF72 /* ProfileHeadCell.xib in Resources */ = {isa = PBXBuildFile; fileRef = 5232C6281FE1045E0004CF72 /* ProfileHeadCell.xib */; };
		5232C63B1FE1045E0004CF72 /* ProfileInfoCell.swift in Sources */ = {isa = PBXBuildFile; fileRef = 5232C6291FE1045E0004CF72 /* ProfileInfoCell.swift */; };
		5232C63C1FE1045E0004CF72 /* ProfileInfoCell.xib in Resources */ = {isa = PBXBuildFile; fileRef = 5232C62A1FE1045E0004CF72 /* ProfileInfoCell.xib */; };
		5232C63D1FE1045E0004CF72 /* ProfileOptionCell.swift in Sources */ = {isa = PBXBuildFile; fileRef = 5232C62B1FE1045E0004CF72 /* ProfileOptionCell.swift */; };
		5232C63E1FE1045E0004CF72 /* ProfileOptionCell.xib in Resources */ = {isa = PBXBuildFile; fileRef = 5232C62C1FE1045E0004CF72 /* ProfileOptionCell.xib */; };
		5232C63F1FE1045E0004CF72 /* RoomCardDetailCell.swift in Sources */ = {isa = PBXBuildFile; fileRef = 5232C62D1FE1045E0004CF72 /* RoomCardDetailCell.swift */; };
		5232C6401FE1045E0004CF72 /* RoomCardDetailCell.xib in Resources */ = {isa = PBXBuildFile; fileRef = 5232C62E1FE1045E0004CF72 /* RoomCardDetailCell.xib */; };
		5232C6411FE1045E0004CF72 /* ToolViewCell.swift in Sources */ = {isa = PBXBuildFile; fileRef = 5232C62F1FE1045E0004CF72 /* ToolViewCell.swift */; };
		5232C6421FE1045E0004CF72 /* ToolViewCell.xib in Resources */ = {isa = PBXBuildFile; fileRef = 5232C6301FE1045E0004CF72 /* ToolViewCell.xib */; };
		5232C6441FE104830004CF72 /* PaymentSelection.storyboard in Resources */ = {isa = PBXBuildFile; fileRef = 5232C6431FE104830004CF72 /* PaymentSelection.storyboard */; };
		5232C6461FE104A00004CF72 /* PaymentSelection.swift in Sources */ = {isa = PBXBuildFile; fileRef = 5232C6451FE104A00004CF72 /* PaymentSelection.swift */; };
		5232C64D1FE1309D0004CF72 /* backItemImage@2x.png in Resources */ = {isa = PBXBuildFile; fileRef = 5232C6481FE1309D0004CF72 /* backItemImage@2x.png */; };
		5232C64E1FE1309D0004CF72 /* backItemImage_hl@2x.png in Resources */ = {isa = PBXBuildFile; fileRef = 5232C6491FE1309D0004CF72 /* backItemImage_hl@2x.png */; };
		5232C64F1FE1309D0004CF72 /* WKJSPOST.html in Resources */ = {isa = PBXBuildFile; fileRef = 5232C64A1FE1309D0004CF72 /* WKJSPOST.html */; };
		5232C6501FE1309D0004CF72 /* WKWebViewController.m in Sources */ = {isa = PBXBuildFile; fileRef = 5232C64C1FE1309D0004CF72 /* WKWebViewController.m */; };
		52396BF61FDE7B3500CEC050 /* NoticeListView.swift in Sources */ = {isa = PBXBuildFile; fileRef = 52396BF51FDE7B3500CEC050 /* NoticeListView.swift */; };
		52396BF81FDE7B5100CEC050 /* NoticeDetailView.swift in Sources */ = {isa = PBXBuildFile; fileRef = 52396BF71FDE7B5100CEC050 /* NoticeDetailView.swift */; };
		52396BFA1FDE7E7400CEC050 /* NoticeListCellModel.swift in Sources */ = {isa = PBXBuildFile; fileRef = 52396BF91FDE7E7400CEC050 /* NoticeListCellModel.swift */; };
		52396BFC1FDE993900CEC050 /* MyAgentCellModel.swift in Sources */ = {isa = PBXBuildFile; fileRef = 52396BFB1FDE993900CEC050 /* MyAgentCellModel.swift */; };
		523C23AF1FDA43FE006FD555 /* DoPayView.swift in Sources */ = {isa = PBXBuildFile; fileRef = 523C23AE1FDA43FE006FD555 /* DoPayView.swift */; };
		523C23B11FDA68D0006FD555 /* Authority.swift in Sources */ = {isa = PBXBuildFile; fileRef = 523C23B01FDA68D0006FD555 /* Authority.swift */; };
		523C23B41FDA7F7A006FD555 /* EditImageView.swift in Sources */ = {isa = PBXBuildFile; fileRef = 523C23B31FDA7F7A006FD555 /* EditImageView.swift */; };
		523C23B61FDA824B006FD555 /* AboutView.swift in Sources */ = {isa = PBXBuildFile; fileRef = 523C23B51FDA824B006FD555 /* AboutView.swift */; };
		523C23B81FDA8CFD006FD555 /* MyAgentUnOpen.swift in Sources */ = {isa = PBXBuildFile; fileRef = 523C23B71FDA8CFD006FD555 /* MyAgentUnOpen.swift */; };
		523C23BA1FDA9DCB006FD555 /* MyAgentToOpen.swift in Sources */ = {isa = PBXBuildFile; fileRef = 523C23B91FDA9DCB006FD555 /* MyAgentToOpen.swift */; };
		523C23BC1FDAA22B006FD555 /* MyAgentAdmin.swift in Sources */ = {isa = PBXBuildFile; fileRef = 523C23BB1FDAA22B006FD555 /* MyAgentAdmin.swift */; };
		5251424E1FC57CFB000046DF /* RoomCardViewController.swift in Sources */ = {isa = PBXBuildFile; fileRef = 5251424D1FC57CFB000046DF /* RoomCardViewController.swift */; };
		525142501FC58621000046DF /* RequestBody.swift in Sources */ = {isa = PBXBuildFile; fileRef = 5251424F1FC58621000046DF /* RequestBody.swift */; };
		525348591FBA98D50067D5FA /* CustomerViewController.swift in Sources */ = {isa = PBXBuildFile; fileRef = 525348581FBA98D50067D5FA /* CustomerViewController.swift */; };
		5253485B1FBA9F390067D5FA /* Common.swift in Sources */ = {isa = PBXBuildFile; fileRef = 5253485A1FBA9F390067D5FA /* Common.swift */; };
		5253485E1FBC31C20067D5FA /* UIButton+.swift in Sources */ = {isa = PBXBuildFile; fileRef = 5253485D1FBC31C20067D5FA /* UIButton+.swift */; };
		525348611FBC530A0067D5FA /* MainNaviController.swift in Sources */ = {isa = PBXBuildFile; fileRef = 525348601FBC530A0067D5FA /* MainNaviController.swift */; };
		525348631FBC561D0067D5FA /* SalesView.swift in Sources */ = {isa = PBXBuildFile; fileRef = 525348621FBC561D0067D5FA /* SalesView.swift */; };
		52538AC01FAAF51400FCBC26 /* ProfileViewController1.swift in Sources */ = {isa = PBXBuildFile; fileRef = 52538ABF1FAAF51400FCBC26 /* ProfileViewController1.swift */; };
		5254531D1FC7B432001FD475 /* AppView.storyboard in Resources */ = {isa = PBXBuildFile; fileRef = 5254531C1FC7B432001FD475 /* AppView.storyboard */; };
		5254531F1FC7F13E001FD475 /* DataEncoding.swift in Sources */ = {isa = PBXBuildFile; fileRef = 5254531E1FC7F13E001FD475 /* DataEncoding.swift */; };
		52582B871FC3C904003B871F /* AuthHeader.swift in Sources */ = {isa = PBXBuildFile; fileRef = 52582B861FC3C904003B871F /* AuthHeader.swift */; };
		5266DA8E1FD8E42B0025F23A /* AccountController.swift in Sources */ = {isa = PBXBuildFile; fileRef = 5266DA8D1FD8E42B0025F23A /* AccountController.swift */; };
		5266DA901FD8ED760025F23A /* UIViewController+.swift in Sources */ = {isa = PBXBuildFile; fileRef = 5266DA8F1FD8ED760025F23A /* UIViewController+.swift */; };
		526F73DD1FB403BD0010599C /* ProfileViewController.swift in Sources */ = {isa = PBXBuildFile; fileRef = 526F73DC1FB403BD0010599C /* ProfileViewController.swift */; };
		5271B1131FCD309C00A8450C /* ProfileCellModel.swift in Sources */ = {isa = PBXBuildFile; fileRef = 5271B1121FCD309C00A8450C /* ProfileCellModel.swift */; };
		5271B11A1FCD320700A8450C /* NSData+Compression.m in Sources */ = {isa = PBXBuildFile; fileRef = 5271B1191FCD320700A8450C /* NSData+Compression.m */; };
		5271B12A1FCD38A000A8450C /* TableRecentlyView.swift in Sources */ = {isa = PBXBuildFile; fileRef = 5271B1291FCD38A000A8450C /* TableRecentlyView.swift */; };
		5271B12C1FCD39F400A8450C /* TableTotalView1.swift in Sources */ = {isa = PBXBuildFile; fileRef = 5271B12B1FCD39F400A8450C /* TableTotalView1.swift */; };
		5271B12E1FCD3A0300A8450C /* TableTotalView2.swift in Sources */ = {isa = PBXBuildFile; fileRef = 5271B12D1FCD3A0300A8450C /* TableTotalView2.swift */; };
		527651181FD645B7004F32EC /* OrderListCellModel.swift in Sources */ = {isa = PBXBuildFile; fileRef = 527651171FD645B7004F32EC /* OrderListCellModel.swift */; };
		5276511A1FD6849F004F32EC /* ExternalPayView.swift in Sources */ = {isa = PBXBuildFile; fileRef = 527651191FD6849F004F32EC /* ExternalPayView.swift */; };
		5276511C1FD6CC97004F32EC /* SalesConfirmView.swift in Sources */ = {isa = PBXBuildFile; fileRef = 5276511B1FD6CC97004F32EC /* SalesConfirmView.swift */; };
		527F65201FA18C110004A938 /* MainViewController.swift in Sources */ = {isa = PBXBuildFile; fileRef = 527F651F1FA18C110004A938 /* MainViewController.swift */; };
		527F65241FA1E3D70004A938 /* LoginViewController.swift in Sources */ = {isa = PBXBuildFile; fileRef = 527F65231FA1E3D70004A938 /* LoginViewController.swift */; };
		527F65261FA1F2150004A938 /* ForgotViewController.swift in Sources */ = {isa = PBXBuildFile; fileRef = 527F65251FA1F2150004A938 /* ForgotViewController.swift */; };
		527F65281FA1F63F0004A938 /* AccountViewController.swift in Sources */ = {isa = PBXBuildFile; fileRef = 527F65271FA1F63F0004A938 /* AccountViewController.swift */; };
		527F652A1FA1F6660004A938 /* ResetPwdViewController.swift in Sources */ = {isa = PBXBuildFile; fileRef = 527F65291FA1F6660004A938 /* ResetPwdViewController.swift */; };
		527F652C1FA1F76A0004A938 /* Main.storyboard in Resources */ = {isa = PBXBuildFile; fileRef = 527F652B1FA1F76A0004A938 /* Main.storyboard */; };
		5283DB5F1FD1453C009759EF /* PurchaseCellModel.swift in Sources */ = {isa = PBXBuildFile; fileRef = 5283DB5E1FD1453C009759EF /* PurchaseCellModel.swift */; };
		528634831FA2D76C0001B964 /* MenuViewController.swift in Sources */ = {isa = PBXBuildFile; fileRef = 528634821FA2D76C0001B964 /* MenuViewController.swift */; };
		5288D64C1F7A4EE900406C9B /* AppDelegate.swift in Sources */ = {isa = PBXBuildFile; fileRef = 5288D64B1F7A4EE900406C9B /* AppDelegate.swift */; };
		5288D64E1F7A4EE900406C9B /* ViewController.swift in Sources */ = {isa = PBXBuildFile; fileRef = 5288D64D1F7A4EE900406C9B /* ViewController.swift */; };
		5288D6511F7A4EE900406C9B /* Login.storyboard in Resources */ = {isa = PBXBuildFile; fileRef = 5288D64F1F7A4EE900406C9B /* Login.storyboard */; };
		5288D6531F7A4EE900406C9B /* Assets.xcassets in Resources */ = {isa = PBXBuildFile; fileRef = 5288D6521F7A4EE900406C9B /* Assets.xcassets */; };
		5288D6561F7A4EE900406C9B /* LaunchScreen.storyboard in Resources */ = {isa = PBXBuildFile; fileRef = 5288D6541F7A4EE900406C9B /* LaunchScreen.storyboard */; };
		5288D6611F7A4EE900406C9B /* AgentTests.swift in Sources */ = {isa = PBXBuildFile; fileRef = 5288D6601F7A4EE900406C9B /* AgentTests.swift */; };
		5288D66C1F7A4EE900406C9B /* AgentUITests.swift in Sources */ = {isa = PBXBuildFile; fileRef = 5288D66B1F7A4EE900406C9B /* AgentUITests.swift */; };
		5292648E1FBD6EC6000D98A4 /* NetworkManager.swift in Sources */ = {isa = PBXBuildFile; fileRef = 5292648D1FBD6EC6000D98A4 /* NetworkManager.swift */; };
		529264901FBDA071000D98A4 /* ErrorMessage.swift in Sources */ = {isa = PBXBuildFile; fileRef = 5292648F1FBDA071000D98A4 /* ErrorMessage.swift */; };
		529B2A531FC2CDBA001B15F2 /* AgentInfo.swift in Sources */ = {isa = PBXBuildFile; fileRef = 529B2A521FC2CDBA001B15F2 /* AgentInfo.swift */; };
		52AB5B021FE26297006F4BE9 /* SoldToPlayerDetailView.swift in Sources */ = {isa = PBXBuildFile; fileRef = 52AB5B011FE26297006F4BE9 /* SoldToPlayerDetailView.swift */; };
		52AD19091FDFC1C800B99DDD /* ModifyPasswordView.swift in Sources */ = {isa = PBXBuildFile; fileRef = 52AD19081FDFC1C800B99DDD /* ModifyPasswordView.swift */; };
		52AD190B1FDFDE7F00B99DDD /* BindTelView.swift in Sources */ = {isa = PBXBuildFile; fileRef = 52AD190A1FDFDE7F00B99DDD /* BindTelView.swift */; };
		52AD190D1FE0063A00B99DDD /* ModifyNickView.swift in Sources */ = {isa = PBXBuildFile; fileRef = 52AD190C1FE0063A00B99DDD /* ModifyNickView.swift */; };
		52FD52091FD7D868007E023A /* CardSellListModel.swift in Sources */ = {isa = PBXBuildFile; fileRef = 52FD52081FD7D868007E023A /* CardSellListModel.swift */; };
		52FD520B1FD7D883007E023A /* CardBuyListModel.swift in Sources */ = {isa = PBXBuildFile; fileRef = 52FD520A1FD7D883007E023A /* CardBuyListModel.swift */; };
		52FD520D1FD7DD84007E023A /* CardDetailCellModel.swift in Sources */ = {isa = PBXBuildFile; fileRef = 52FD520C1FD7DD84007E023A /* CardDetailCellModel.swift */; };
		DB6F216607A6283FC03854C8 /* Pods_Agent.framework in Frameworks */ = {isa = PBXBuildFile; fileRef = E7ADCB9F5510FBAAB5DECF96 /* Pods_Agent.framework */; };
/* End PBXBuildFile section */

/* Begin PBXContainerItemProxy section */
		5288D65D1F7A4EE900406C9B /* PBXContainerItemProxy */ = {
			isa = PBXContainerItemProxy;
			containerPortal = 5288D6401F7A4EE800406C9B /* Project object */;
			proxyType = 1;
			remoteGlobalIDString = 5288D6471F7A4EE900406C9B;
			remoteInfo = Agent;
		};
		5288D6681F7A4EE900406C9B /* PBXContainerItemProxy */ = {
			isa = PBXContainerItemProxy;
			containerPortal = 5288D6401F7A4EE800406C9B /* Project object */;
			proxyType = 1;
			remoteGlobalIDString = 5288D6471F7A4EE900406C9B;
			remoteInfo = Agent;
		};
/* End PBXContainerItemProxy section */

/* Begin PBXFileReference section */
		5221C5491FDF7847003B0F6F /* SMSCountButton.swift */ = {isa = PBXFileReference; fileEncoding = 4; lastKnownFileType = sourcecode.swift; name = SMSCountButton.swift; path = mixins/SMSCountButton.swift; sourceTree = "<group>"; };
		522DD3921FCE4EA200AE9D62 /* CardDepleteView.swift */ = {isa = PBXFileReference; fileEncoding = 4; lastKnownFileType = sourcecode.swift; path = CardDepleteView.swift; sourceTree = "<group>"; };
		522DD3941FCE4EFE00AE9D62 /* CardBuyView.swift */ = {isa = PBXFileReference; fileEncoding = 4; lastKnownFileType = sourcecode.swift; path = CardBuyView.swift; sourceTree = "<group>"; };
		522DD3971FCE556D00AE9D62 /* PurchaseView.swift */ = {isa = PBXFileReference; fileEncoding = 4; lastKnownFileType = sourcecode.swift; path = PurchaseView.swift; sourceTree = "<group>"; };
		522DD3991FCE67F500AE9D62 /* OrdersView.swift */ = {isa = PBXFileReference; fileEncoding = 4; lastKnownFileType = sourcecode.swift; path = OrdersView.swift; sourceTree = "<group>"; };
		522DD39B1FCE7DED00AE9D62 /* OrdersListView.swift */ = {isa = PBXFileReference; fileEncoding = 4; lastKnownFileType = sourcecode.swift; path = OrdersListView.swift; sourceTree = "<group>"; };
		522DD39F1FCEA59800AE9D62 /* CustomerTableCellModel.swift */ = {isa = PBXFileReference; fileEncoding = 4; lastKnownFileType = sourcecode.swift; name = CustomerTableCellModel.swift; path = model/CustomerTableCellModel.swift; sourceTree = "<group>"; };
		522DDCCD1FE0D37A00F4B296 /* ModifyTelView.swift */ = {isa = PBXFileReference; fileEncoding = 4; lastKnownFileType = sourcecode.swift; path = ModifyTelView.swift; sourceTree = "<group>"; };
		5232C61F1FE1045E0004CF72 /* BannerView.swift */ = {isa = PBXFileReference; fileEncoding = 4; lastKnownFileType = sourcecode.swift; path = BannerView.swift; sourceTree = "<group>"; };
		5232C6201FE1045E0004CF72 /* CustomerTableCell.swift */ = {isa = PBXFileReference; fileEncoding = 4; lastKnownFileType = sourcecode.swift; path = CustomerTableCell.swift; sourceTree = "<group>"; };
		5232C6211FE1045E0004CF72 /* CustomerTableCell.xib */ = {isa = PBXFileReference; fileEncoding = 4; lastKnownFileType = file.xib; path = CustomerTableCell.xib; sourceTree = "<group>"; };
		5232C6221FE1045E0004CF72 /* GoodsViewCell.swift */ = {isa = PBXFileReference; fileEncoding = 4; lastKnownFileType = sourcecode.swift; path = GoodsViewCell.swift; sourceTree = "<group>"; };
		5232C6231FE1045E0004CF72 /* GoodsViewCell.xib */ = {isa = PBXFileReference; fileEncoding = 4; lastKnownFileType = file.xib; path = GoodsViewCell.xib; sourceTree = "<group>"; };
		5232C6241FE1045E0004CF72 /* OrderListCell.swift */ = {isa = PBXFileReference; fileEncoding = 4; lastKnownFileType = sourcecode.swift; path = OrderListCell.swift; sourceTree = "<group>"; };
		5232C6251FE1045E0004CF72 /* OrderListCell.xib */ = {isa = PBXFileReference; fileEncoding = 4; lastKnownFileType = file.xib; path = OrderListCell.xib; sourceTree = "<group>"; };
		5232C6271FE1045E0004CF72 /* ProfileHeadCell.swift */ = {isa = PBXFileReference; fileEncoding = 4; lastKnownFileType = sourcecode.swift; path = ProfileHeadCell.swift; sourceTree = "<group>"; };
		5232C6281FE1045E0004CF72 /* ProfileHeadCell.xib */ = {isa = PBXFileReference; fileEncoding = 4; lastKnownFileType = file.xib; path = ProfileHeadCell.xib; sourceTree = "<group>"; };
		5232C6291FE1045E0004CF72 /* ProfileInfoCell.swift */ = {isa = PBXFileReference; fileEncoding = 4; lastKnownFileType = sourcecode.swift; path = ProfileInfoCell.swift; sourceTree = "<group>"; };
		5232C62A1FE1045E0004CF72 /* ProfileInfoCell.xib */ = {isa = PBXFileReference; fileEncoding = 4; lastKnownFileType = file.xib; path = ProfileInfoCell.xib; sourceTree = "<group>"; };
		5232C62B1FE1045E0004CF72 /* ProfileOptionCell.swift */ = {isa = PBXFileReference; fileEncoding = 4; lastKnownFileType = sourcecode.swift; path = ProfileOptionCell.swift; sourceTree = "<group>"; };
		5232C62C1FE1045E0004CF72 /* ProfileOptionCell.xib */ = {isa = PBXFileReference; fileEncoding = 4; lastKnownFileType = file.xib; path = ProfileOptionCell.xib; sourceTree = "<group>"; };
		5232C62D1FE1045E0004CF72 /* RoomCardDetailCell.swift */ = {isa = PBXFileReference; fileEncoding = 4; lastKnownFileType = sourcecode.swift; path = RoomCardDetailCell.swift; sourceTree = "<group>"; };
		5232C62E1FE1045E0004CF72 /* RoomCardDetailCell.xib */ = {isa = PBXFileReference; fileEncoding = 4; lastKnownFileType = file.xib; path = RoomCardDetailCell.xib; sourceTree = "<group>"; };
		5232C62F1FE1045E0004CF72 /* ToolViewCell.swift */ = {isa = PBXFileReference; fileEncoding = 4; lastKnownFileType = sourcecode.swift; path = ToolViewCell.swift; sourceTree = "<group>"; };
		5232C6301FE1045E0004CF72 /* ToolViewCell.xib */ = {isa = PBXFileReference; fileEncoding = 4; lastKnownFileType = file.xib; path = ToolViewCell.xib; sourceTree = "<group>"; };
		5232C6431FE104830004CF72 /* PaymentSelection.storyboard */ = {isa = PBXFileReference; fileEncoding = 4; lastKnownFileType = file.storyboard; path = PaymentSelection.storyboard; sourceTree = "<group>"; };
		5232C6451FE104A00004CF72 /* PaymentSelection.swift */ = {isa = PBXFileReference; fileEncoding = 4; lastKnownFileType = sourcecode.swift; path = PaymentSelection.swift; sourceTree = "<group>"; };
		5232C6481FE1309D0004CF72 /* backItemImage@2x.png */ = {isa = PBXFileReference; lastKnownFileType = image.png; path = "backItemImage@2x.png"; sourceTree = "<group>"; };
		5232C6491FE1309D0004CF72 /* backItemImage_hl@2x.png */ = {isa = PBXFileReference; lastKnownFileType = image.png; path = "backItemImage_hl@2x.png"; sourceTree = "<group>"; };
		5232C64A1FE1309D0004CF72 /* WKJSPOST.html */ = {isa = PBXFileReference; fileEncoding = 4; lastKnownFileType = text.html; path = WKJSPOST.html; sourceTree = "<group>"; };
		5232C64B1FE1309D0004CF72 /* WKWebViewController.h */ = {isa = PBXFileReference; fileEncoding = 4; lastKnownFileType = sourcecode.c.h; path = WKWebViewController.h; sourceTree = "<group>"; };
		5232C64C1FE1309D0004CF72 /* WKWebViewController.m */ = {isa = PBXFileReference; fileEncoding = 4; lastKnownFileType = sourcecode.c.objc; path = WKWebViewController.m; sourceTree = "<group>"; };
		52396BF51FDE7B3500CEC050 /* NoticeListView.swift */ = {isa = PBXFileReference; fileEncoding = 4; lastKnownFileType = sourcecode.swift; path = NoticeListView.swift; sourceTree = "<group>"; };
		52396BF71FDE7B5100CEC050 /* NoticeDetailView.swift */ = {isa = PBXFileReference; fileEncoding = 4; lastKnownFileType = sourcecode.swift; path = NoticeDetailView.swift; sourceTree = "<group>"; };
		52396BF91FDE7E7400CEC050 /* NoticeListCellModel.swift */ = {isa = PBXFileReference; fileEncoding = 4; lastKnownFileType = sourcecode.swift; name = NoticeListCellModel.swift; path = model/NoticeListCellModel.swift; sourceTree = "<group>"; };
		52396BFB1FDE993900CEC050 /* MyAgentCellModel.swift */ = {isa = PBXFileReference; fileEncoding = 4; lastKnownFileType = sourcecode.swift; name = MyAgentCellModel.swift; path = model/MyAgentCellModel.swift; sourceTree = "<group>"; };
		523C23AE1FDA43FE006FD555 /* DoPayView.swift */ = {isa = PBXFileReference; fileEncoding = 4; lastKnownFileType = sourcecode.swift; path = DoPayView.swift; sourceTree = "<group>"; };
		523C23B01FDA68D0006FD555 /* Authority.swift */ = {isa = PBXFileReference; fileEncoding = 4; lastKnownFileType = sourcecode.swift; name = Authority.swift; path = model/Authority.swift; sourceTree = "<group>"; };
		523C23B31FDA7F7A006FD555 /* EditImageView.swift */ = {isa = PBXFileReference; fileEncoding = 4; lastKnownFileType = sourcecode.swift; path = EditImageView.swift; sourceTree = "<group>"; };
		523C23B51FDA824B006FD555 /* AboutView.swift */ = {isa = PBXFileReference; fileEncoding = 4; lastKnownFileType = sourcecode.swift; path = AboutView.swift; sourceTree = "<group>"; };
		523C23B71FDA8CFD006FD555 /* MyAgentUnOpen.swift */ = {isa = PBXFileReference; fileEncoding = 4; lastKnownFileType = sourcecode.swift; path = MyAgentUnOpen.swift; sourceTree = "<group>"; };
		523C23B91FDA9DCB006FD555 /* MyAgentToOpen.swift */ = {isa = PBXFileReference; fileEncoding = 4; lastKnownFileType = sourcecode.swift; path = MyAgentToOpen.swift; sourceTree = "<group>"; };
		523C23BB1FDAA22B006FD555 /* MyAgentAdmin.swift */ = {isa = PBXFileReference; fileEncoding = 4; lastKnownFileType = sourcecode.swift; path = MyAgentAdmin.swift; sourceTree = "<group>"; };
		5251424D1FC57CFB000046DF /* RoomCardViewController.swift */ = {isa = PBXFileReference; fileEncoding = 4; lastKnownFileType = sourcecode.swift; name = RoomCardViewController.swift; path = views/RoomCardViewController.swift; sourceTree = "<group>"; };
		5251424F1FC58621000046DF /* RequestBody.swift */ = {isa = PBXFileReference; fileEncoding = 4; lastKnownFileType = sourcecode.swift; name = RequestBody.swift; path = model/RequestBody.swift; sourceTree = "<group>"; };
		525348581FBA98D50067D5FA /* CustomerViewController.swift */ = {isa = PBXFileReference; fileEncoding = 4; lastKnownFileType = sourcecode.swift; name = CustomerViewController.swift; path = views/CustomerViewController.swift; sourceTree = "<group>"; };
		5253485A1FBA9F390067D5FA /* Common.swift */ = {isa = PBXFileReference; fileEncoding = 4; lastKnownFileType = sourcecode.swift; path = Common.swift; sourceTree = "<group>"; };
		5253485D1FBC31C20067D5FA /* UIButton+.swift */ = {isa = PBXFileReference; fileEncoding = 4; lastKnownFileType = sourcecode.swift; name = "UIButton+.swift"; path = "mixins/UIButton+.swift"; sourceTree = "<group>"; };
		525348601FBC530A0067D5FA /* MainNaviController.swift */ = {isa = PBXFileReference; fileEncoding = 4; lastKnownFileType = sourcecode.swift; name = MainNaviController.swift; path = navigation/MainNaviController.swift; sourceTree = "<group>"; };
		525348621FBC561D0067D5FA /* SalesView.swift */ = {isa = PBXFileReference; fileEncoding = 4; lastKnownFileType = sourcecode.swift; path = SalesView.swift; sourceTree = "<group>"; };
		52538ABF1FAAF51400FCBC26 /* ProfileViewController1.swift */ = {isa = PBXFileReference; fileEncoding = 4; lastKnownFileType = sourcecode.swift; path = ProfileViewController1.swift; sourceTree = "<group>"; };
		5254531C1FC7B432001FD475 /* AppView.storyboard */ = {isa = PBXFileReference; fileEncoding = 4; lastKnownFileType = file.storyboard; path = AppView.storyboard; sourceTree = "<group>"; };
		5254531E1FC7F13E001FD475 /* DataEncoding.swift */ = {isa = PBXFileReference; fileEncoding = 4; lastKnownFileType = sourcecode.swift; path = DataEncoding.swift; sourceTree = "<group>"; };
		52582B861FC3C904003B871F /* AuthHeader.swift */ = {isa = PBXFileReference; fileEncoding = 4; lastKnownFileType = sourcecode.swift; name = AuthHeader.swift; path = model/AuthHeader.swift; sourceTree = "<group>"; };
		5266DA8D1FD8E42B0025F23A /* AccountController.swift */ = {isa = PBXFileReference; fileEncoding = 4; lastKnownFileType = sourcecode.swift; path = AccountController.swift; sourceTree = "<group>"; };
		5266DA8F1FD8ED760025F23A /* UIViewController+.swift */ = {isa = PBXFileReference; fileEncoding = 4; lastKnownFileType = sourcecode.swift; name = "UIViewController+.swift"; path = "mixins/UIViewController+.swift"; sourceTree = "<group>"; };
		526F73DC1FB403BD0010599C /* ProfileViewController.swift */ = {isa = PBXFileReference; fileEncoding = 4; lastKnownFileType = sourcecode.swift; name = ProfileViewController.swift; path = views/ProfileViewController.swift; sourceTree = "<group>"; };
		5271B1121FCD309C00A8450C /* ProfileCellModel.swift */ = {isa = PBXFileReference; fileEncoding = 4; lastKnownFileType = sourcecode.swift; name = ProfileCellModel.swift; path = model/ProfileCellModel.swift; sourceTree = "<group>"; };
		5271B1181FCD320700A8450C /* NSData+Compression.h */ = {isa = PBXFileReference; fileEncoding = 4; lastKnownFileType = sourcecode.c.h; path = "NSData+Compression.h"; sourceTree = "<group>"; };
		5271B1191FCD320700A8450C /* NSData+Compression.m */ = {isa = PBXFileReference; fileEncoding = 4; lastKnownFileType = sourcecode.c.objc; path = "NSData+Compression.m"; sourceTree = "<group>"; };
		5271B1291FCD38A000A8450C /* TableRecentlyView.swift */ = {isa = PBXFileReference; fileEncoding = 4; lastKnownFileType = sourcecode.swift; path = TableRecentlyView.swift; sourceTree = "<group>"; };
		5271B12B1FCD39F400A8450C /* TableTotalView1.swift */ = {isa = PBXFileReference; fileEncoding = 4; lastKnownFileType = sourcecode.swift; path = TableTotalView1.swift; sourceTree = "<group>"; };
		5271B12D1FCD3A0300A8450C /* TableTotalView2.swift */ = {isa = PBXFileReference; fileEncoding = 4; lastKnownFileType = sourcecode.swift; path = TableTotalView2.swift; sourceTree = "<group>"; };
		527651171FD645B7004F32EC /* OrderListCellModel.swift */ = {isa = PBXFileReference; fileEncoding = 4; lastKnownFileType = sourcecode.swift; name = OrderListCellModel.swift; path = model/OrderListCellModel.swift; sourceTree = "<group>"; };
		527651191FD6849F004F32EC /* ExternalPayView.swift */ = {isa = PBXFileReference; fileEncoding = 4; lastKnownFileType = sourcecode.swift; path = ExternalPayView.swift; sourceTree = "<group>"; };
		5276511B1FD6CC97004F32EC /* SalesConfirmView.swift */ = {isa = PBXFileReference; fileEncoding = 4; lastKnownFileType = sourcecode.swift; path = SalesConfirmView.swift; sourceTree = "<group>"; };
		527F651F1FA18C110004A938 /* MainViewController.swift */ = {isa = PBXFileReference; fileEncoding = 4; lastKnownFileType = sourcecode.swift; name = MainViewController.swift; path = views/MainViewController.swift; sourceTree = "<group>"; };
		527F65231FA1E3D70004A938 /* LoginViewController.swift */ = {isa = PBXFileReference; fileEncoding = 4; lastKnownFileType = sourcecode.swift; name = LoginViewController.swift; path = views/LoginViewController.swift; sourceTree = "<group>"; };
		527F65251FA1F2150004A938 /* ForgotViewController.swift */ = {isa = PBXFileReference; fileEncoding = 4; lastKnownFileType = sourcecode.swift; name = ForgotViewController.swift; path = views/ForgotViewController.swift; sourceTree = "<group>"; };
		527F65271FA1F63F0004A938 /* AccountViewController.swift */ = {isa = PBXFileReference; fileEncoding = 4; lastKnownFileType = sourcecode.swift; name = AccountViewController.swift; path = views/AccountViewController.swift; sourceTree = "<group>"; };
		527F65291FA1F6660004A938 /* ResetPwdViewController.swift */ = {isa = PBXFileReference; fileEncoding = 4; lastKnownFileType = sourcecode.swift; name = ResetPwdViewController.swift; path = views/ResetPwdViewController.swift; sourceTree = "<group>"; };
		527F652B1FA1F76A0004A938 /* Main.storyboard */ = {isa = PBXFileReference; fileEncoding = 4; lastKnownFileType = file.storyboard; path = Main.storyboard; sourceTree = "<group>"; };
		5283DB5E1FD1453C009759EF /* PurchaseCellModel.swift */ = {isa = PBXFileReference; fileEncoding = 4; lastKnownFileType = sourcecode.swift; name = PurchaseCellModel.swift; path = model/PurchaseCellModel.swift; sourceTree = "<group>"; };
		528634821FA2D76C0001B964 /* MenuViewController.swift */ = {isa = PBXFileReference; fileEncoding = 4; lastKnownFileType = sourcecode.swift; name = MenuViewController.swift; path = views/MenuViewController.swift; sourceTree = "<group>"; };
		5288D6481F7A4EE900406C9B /* Agent.app */ = {isa = PBXFileReference; explicitFileType = wrapper.application; includeInIndex = 0; path = Agent.app; sourceTree = BUILT_PRODUCTS_DIR; };
		5288D64B1F7A4EE900406C9B /* AppDelegate.swift */ = {isa = PBXFileReference; lastKnownFileType = sourcecode.swift; path = AppDelegate.swift; sourceTree = "<group>"; };
		5288D64D1F7A4EE900406C9B /* ViewController.swift */ = {isa = PBXFileReference; lastKnownFileType = sourcecode.swift; path = ViewController.swift; sourceTree = "<group>"; };
		5288D6501F7A4EE900406C9B /* Base */ = {isa = PBXFileReference; lastKnownFileType = file.storyboard; name = Base; path = Base.lproj/Login.storyboard; sourceTree = "<group>"; };
		5288D6521F7A4EE900406C9B /* Assets.xcassets */ = {isa = PBXFileReference; lastKnownFileType = folder.assetcatalog; path = Assets.xcassets; sourceTree = "<group>"; };
		5288D6551F7A4EE900406C9B /* Base */ = {isa = PBXFileReference; lastKnownFileType = file.storyboard; name = Base; path = Base.lproj/LaunchScreen.storyboard; sourceTree = "<group>"; };
		5288D6571F7A4EE900406C9B /* Info.plist */ = {isa = PBXFileReference; lastKnownFileType = text.plist.xml; path = Info.plist; sourceTree = "<group>"; };
		5288D65C1F7A4EE900406C9B /* AgentTests.xctest */ = {isa = PBXFileReference; explicitFileType = wrapper.cfbundle; includeInIndex = 0; path = AgentTests.xctest; sourceTree = BUILT_PRODUCTS_DIR; };
		5288D6601F7A4EE900406C9B /* AgentTests.swift */ = {isa = PBXFileReference; lastKnownFileType = sourcecode.swift; path = AgentTests.swift; sourceTree = "<group>"; };
		5288D6621F7A4EE900406C9B /* Info.plist */ = {isa = PBXFileReference; lastKnownFileType = text.plist.xml; path = Info.plist; sourceTree = "<group>"; };
		5288D6671F7A4EE900406C9B /* AgentUITests.xctest */ = {isa = PBXFileReference; explicitFileType = wrapper.cfbundle; includeInIndex = 0; path = AgentUITests.xctest; sourceTree = BUILT_PRODUCTS_DIR; };
		5288D66B1F7A4EE900406C9B /* AgentUITests.swift */ = {isa = PBXFileReference; lastKnownFileType = sourcecode.swift; path = AgentUITests.swift; sourceTree = "<group>"; };
		5288D66D1F7A4EE900406C9B /* Info.plist */ = {isa = PBXFileReference; lastKnownFileType = text.plist.xml; path = Info.plist; sourceTree = "<group>"; };
		5288D67B1F7A55D700406C9B /* Bridging-Header.h */ = {isa = PBXFileReference; fileEncoding = 4; lastKnownFileType = sourcecode.c.h; path = "Bridging-Header.h"; sourceTree = "<group>"; };
		5292648D1FBD6EC6000D98A4 /* NetworkManager.swift */ = {isa = PBXFileReference; fileEncoding = 4; lastKnownFileType = sourcecode.swift; path = NetworkManager.swift; sourceTree = "<group>"; };
		5292648F1FBDA071000D98A4 /* ErrorMessage.swift */ = {isa = PBXFileReference; fileEncoding = 4; lastKnownFileType = sourcecode.swift; name = ErrorMessage.swift; path = model/ErrorMessage.swift; sourceTree = "<group>"; };
		529B2A521FC2CDBA001B15F2 /* AgentInfo.swift */ = {isa = PBXFileReference; fileEncoding = 4; lastKnownFileType = sourcecode.swift; name = AgentInfo.swift; path = model/AgentInfo.swift; sourceTree = "<group>"; };
		52AB5B011FE26297006F4BE9 /* SoldToPlayerDetailView.swift */ = {isa = PBXFileReference; fileEncoding = 4; lastKnownFileType = sourcecode.swift; path = SoldToPlayerDetailView.swift; sourceTree = "<group>"; };
		52AD19081FDFC1C800B99DDD /* ModifyPasswordView.swift */ = {isa = PBXFileReference; fileEncoding = 4; lastKnownFileType = sourcecode.swift; path = ModifyPasswordView.swift; sourceTree = "<group>"; };
		52AD190A1FDFDE7F00B99DDD /* BindTelView.swift */ = {isa = PBXFileReference; fileEncoding = 4; lastKnownFileType = sourcecode.swift; path = BindTelView.swift; sourceTree = "<group>"; };
		52AD190C1FE0063A00B99DDD /* ModifyNickView.swift */ = {isa = PBXFileReference; fileEncoding = 4; lastKnownFileType = sourcecode.swift; path = ModifyNickView.swift; sourceTree = "<group>"; };
		52FD52081FD7D868007E023A /* CardSellListModel.swift */ = {isa = PBXFileReference; fileEncoding = 4; lastKnownFileType = sourcecode.swift; name = CardSellListModel.swift; path = model/CardSellListModel.swift; sourceTree = "<group>"; };
		52FD520A1FD7D883007E023A /* CardBuyListModel.swift */ = {isa = PBXFileReference; fileEncoding = 4; lastKnownFileType = sourcecode.swift; name = CardBuyListModel.swift; path = model/CardBuyListModel.swift; sourceTree = "<group>"; };
		52FD520C1FD7DD84007E023A /* CardDetailCellModel.swift */ = {isa = PBXFileReference; fileEncoding = 4; lastKnownFileType = sourcecode.swift; name = CardDetailCellModel.swift; path = model/CardDetailCellModel.swift; sourceTree = "<group>"; };
		8C0FFD966F7EB019D310CF95 /* Pods_AgentUITests.framework */ = {isa = PBXFileReference; explicitFileType = wrapper.framework; includeInIndex = 0; path = Pods_AgentUITests.framework; sourceTree = BUILT_PRODUCTS_DIR; };
		AF6BFE71300EEAFDA348E605 /* Pods_AgentTests.framework */ = {isa = PBXFileReference; explicitFileType = wrapper.framework; includeInIndex = 0; path = Pods_AgentTests.framework; sourceTree = BUILT_PRODUCTS_DIR; };
		D40BFC9BA92B27687221036F /* Pods-Agent.release.xcconfig */ = {isa = PBXFileReference; includeInIndex = 1; lastKnownFileType = text.xcconfig; name = "Pods-Agent.release.xcconfig"; path = "Pods/Target Support Files/Pods-Agent/Pods-Agent.release.xcconfig"; sourceTree = "<group>"; };
		E7ADCB9F5510FBAAB5DECF96 /* Pods_Agent.framework */ = {isa = PBXFileReference; explicitFileType = wrapper.framework; includeInIndex = 0; path = Pods_Agent.framework; sourceTree = BUILT_PRODUCTS_DIR; };
		FEEA973955182E3260F1CB4F /* Pods-Agent.debug.xcconfig */ = {isa = PBXFileReference; includeInIndex = 1; lastKnownFileType = text.xcconfig; name = "Pods-Agent.debug.xcconfig"; path = "Pods/Target Support Files/Pods-Agent/Pods-Agent.debug.xcconfig"; sourceTree = "<group>"; };
/* End PBXFileReference section */

/* Begin PBXFrameworksBuildPhase section */
		5288D6451F7A4EE900406C9B /* Frameworks */ = {
			isa = PBXFrameworksBuildPhase;
			buildActionMask = 2147483647;
			files = (
				DB6F216607A6283FC03854C8 /* Pods_Agent.framework in Frameworks */,
			);
			runOnlyForDeploymentPostprocessing = 0;
		};
		5288D6591F7A4EE900406C9B /* Frameworks */ = {
			isa = PBXFrameworksBuildPhase;
			buildActionMask = 2147483647;
			files = (
			);
			runOnlyForDeploymentPostprocessing = 0;
		};
		5288D6641F7A4EE900406C9B /* Frameworks */ = {
			isa = PBXFrameworksBuildPhase;
			buildActionMask = 2147483647;
			files = (
			);
			runOnlyForDeploymentPostprocessing = 0;
		};
/* End PBXFrameworksBuildPhase section */

/* Begin PBXGroup section */
		5216EB511FA0889B0051D35C /* views */ = {
			isa = PBXGroup;
			children = (
				523C23B21FDA7F33006FD555 /* profile */,
				5266DA8C1FD8E3E50025F23A /* login */,
				522DD3961FCE54C100AE9D62 /* mainview */,
				5271B13E1FCD8FC800A8450C /* roomcard */,
				5271B1281FCD384B00A8450C /* customer */,
				527F651F1FA18C110004A938 /* MainViewController.swift */,
				527F65231FA1E3D70004A938 /* LoginViewController.swift */,
				527F65251FA1F2150004A938 /* ForgotViewController.swift */,
				527F65271FA1F63F0004A938 /* AccountViewController.swift */,
				527F65291FA1F6660004A938 /* ResetPwdViewController.swift */,
				528634821FA2D76C0001B964 /* MenuViewController.swift */,
				52538ABF1FAAF51400FCBC26 /* ProfileViewController1.swift */,
				526F73DC1FB403BD0010599C /* ProfileViewController.swift */,
				525348581FBA98D50067D5FA /* CustomerViewController.swift */,
				5251424D1FC57CFB000046DF /* RoomCardViewController.swift */,
			);
			name = views;
			sourceTree = "<group>";
		};
		522DD3961FCE54C100AE9D62 /* mainview */ = {
			isa = PBXGroup;
			children = (
				525348621FBC561D0067D5FA /* SalesView.swift */,
				522DD3971FCE556D00AE9D62 /* PurchaseView.swift */,
				522DD3991FCE67F500AE9D62 /* OrdersView.swift */,
				522DD39B1FCE7DED00AE9D62 /* OrdersListView.swift */,
				527651191FD6849F004F32EC /* ExternalPayView.swift */,
				5276511B1FD6CC97004F32EC /* SalesConfirmView.swift */,
				523C23AE1FDA43FE006FD555 /* DoPayView.swift */,
				523C23B71FDA8CFD006FD555 /* MyAgentUnOpen.swift */,
				523C23B91FDA9DCB006FD555 /* MyAgentToOpen.swift */,
				523C23BB1FDAA22B006FD555 /* MyAgentAdmin.swift */,
				52396BF51FDE7B3500CEC050 /* NoticeListView.swift */,
				52396BF71FDE7B5100CEC050 /* NoticeDetailView.swift */,
			);
			name = mainview;
			path = views/mainview;
			sourceTree = "<group>";
		};
		5232C61E1FE1045E0004CF72 /* widget */ = {
			isa = PBXGroup;
			children = (
				5232C61F1FE1045E0004CF72 /* BannerView.swift */,
				5232C6201FE1045E0004CF72 /* CustomerTableCell.swift */,
				5232C6211FE1045E0004CF72 /* CustomerTableCell.xib */,
				5232C6221FE1045E0004CF72 /* GoodsViewCell.swift */,
				5232C6231FE1045E0004CF72 /* GoodsViewCell.xib */,
				5232C6241FE1045E0004CF72 /* OrderListCell.swift */,
				5232C6251FE1045E0004CF72 /* OrderListCell.xib */,
				5232C6271FE1045E0004CF72 /* ProfileHeadCell.swift */,
				5232C6281FE1045E0004CF72 /* ProfileHeadCell.xib */,
				5232C6291FE1045E0004CF72 /* ProfileInfoCell.swift */,
				5232C62A1FE1045E0004CF72 /* ProfileInfoCell.xib */,
				5232C62B1FE1045E0004CF72 /* ProfileOptionCell.swift */,
				5232C62C1FE1045E0004CF72 /* ProfileOptionCell.xib */,
				5232C62D1FE1045E0004CF72 /* RoomCardDetailCell.swift */,
				5232C62E1FE1045E0004CF72 /* RoomCardDetailCell.xib */,
				5232C62F1FE1045E0004CF72 /* ToolViewCell.swift */,
				5232C6301FE1045E0004CF72 /* ToolViewCell.xib */,
				5232C6431FE104830004CF72 /* PaymentSelection.storyboard */,
				5232C6451FE104A00004CF72 /* PaymentSelection.swift */,
			);
			path = widget;
			sourceTree = "<group>";
		};
		5232C6471FE1309D0004CF72 /* WkwebView */ = {
			isa = PBXGroup;
			children = (
				5232C6481FE1309D0004CF72 /* backItemImage@2x.png */,
				5232C6491FE1309D0004CF72 /* backItemImage_hl@2x.png */,
				5232C64A1FE1309D0004CF72 /* WKJSPOST.html */,
				5232C64B1FE1309D0004CF72 /* WKWebViewController.h */,
				5232C64C1FE1309D0004CF72 /* WKWebViewController.m */,
			);
			path = WkwebView;
			sourceTree = "<group>";
		};
		523C23B21FDA7F33006FD555 /* profile */ = {
			isa = PBXGroup;
			children = (
				523C23B31FDA7F7A006FD555 /* EditImageView.swift */,
				523C23B51FDA824B006FD555 /* AboutView.swift */,
				52AD19081FDFC1C800B99DDD /* ModifyPasswordView.swift */,
				52AD190A1FDFDE7F00B99DDD /* BindTelView.swift */,
				52AD190C1FE0063A00B99DDD /* ModifyNickView.swift */,
				522DDCCD1FE0D37A00F4B296 /* ModifyTelView.swift */,
			);
			path = profile;
			sourceTree = "<group>";
		};
		5253485C1FBC311D0067D5FA /* mixins */ = {
			isa = PBXGroup;
			children = (
				5221C5491FDF7847003B0F6F /* SMSCountButton.swift */,
				5253485D1FBC31C20067D5FA /* UIButton+.swift */,
				5266DA8F1FD8ED760025F23A /* UIViewController+.swift */,
			);
			name = mixins;
			sourceTree = "<group>";
		};
		5253485F1FBC52150067D5FA /* navigation */ = {
			isa = PBXGroup;
			children = (
				525348601FBC530A0067D5FA /* MainNaviController.swift */,
			);
			name = navigation;
			sourceTree = "<group>";
		};
		52538AC11FAB036F00FCBC26 /* model */ = {
			isa = PBXGroup;
			children = (
				5271B1121FCD309C00A8450C /* ProfileCellModel.swift */,
				5292648F1FBDA071000D98A4 /* ErrorMessage.swift */,
				529B2A521FC2CDBA001B15F2 /* AgentInfo.swift */,
				52582B861FC3C904003B871F /* AuthHeader.swift */,
				5251424F1FC58621000046DF /* RequestBody.swift */,
				522DD39F1FCEA59800AE9D62 /* CustomerTableCellModel.swift */,
				5283DB5E1FD1453C009759EF /* PurchaseCellModel.swift */,
				527651171FD645B7004F32EC /* OrderListCellModel.swift */,
				52FD52081FD7D868007E023A /* CardSellListModel.swift */,
				52FD520A1FD7D883007E023A /* CardBuyListModel.swift */,
				52FD520C1FD7DD84007E023A /* CardDetailCellModel.swift */,
				523C23B01FDA68D0006FD555 /* Authority.swift */,
				52396BF91FDE7E7400CEC050 /* NoticeListCellModel.swift */,
				52396BFB1FDE993900CEC050 /* MyAgentCellModel.swift */,
			);
			name = model;
			sourceTree = "<group>";
		};
		5266DA8C1FD8E3E50025F23A /* login */ = {
			isa = PBXGroup;
			children = (
				5266DA8D1FD8E42B0025F23A /* AccountController.swift */,
			);
			name = login;
			path = views/login;
			sourceTree = "<group>";
		};
		5271B1171FCD320700A8450C /* external */ = {
			isa = PBXGroup;
			children = (
				5232C6471FE1309D0004CF72 /* WkwebView */,
				5271B1181FCD320700A8450C /* NSData+Compression.h */,
				5271B1191FCD320700A8450C /* NSData+Compression.m */,
			);
			path = external;
			sourceTree = "<group>";
		};
		5271B1281FCD384B00A8450C /* customer */ = {
			isa = PBXGroup;
			children = (
				5271B1291FCD38A000A8450C /* TableRecentlyView.swift */,
				5271B12B1FCD39F400A8450C /* TableTotalView1.swift */,
				5271B12D1FCD3A0300A8450C /* TableTotalView2.swift */,
				52AB5B011FE26297006F4BE9 /* SoldToPlayerDetailView.swift */,
			);
			name = customer;
			path = views/customer;
			sourceTree = "<group>";
		};
		5271B13E1FCD8FC800A8450C /* roomcard */ = {
			isa = PBXGroup;
			children = (
				522DD3921FCE4EA200AE9D62 /* CardDepleteView.swift */,
				522DD3941FCE4EFE00AE9D62 /* CardBuyView.swift */,
			);
			name = roomcard;
			path = views/roomcard;
			sourceTree = "<group>";
		};
		5288D63F1F7A4EE800406C9B = {
			isa = PBXGroup;
			children = (
				5288D64A1F7A4EE900406C9B /* Agent */,
				5288D65F1F7A4EE900406C9B /* AgentTests */,
				5288D66A1F7A4EE900406C9B /* AgentUITests */,
				5288D67A1F7A55D700406C9B /* Bridging */,
				BE6934126BC25E54D11E8C23 /* Frameworks */,
				D6D3D79F9E62172DB35868B4 /* Pods */,
				5288D6491F7A4EE900406C9B /* Products */,
			);
			sourceTree = "<group>";
		};
		5288D6491F7A4EE900406C9B /* Products */ = {
			isa = PBXGroup;
			children = (
				5288D6481F7A4EE900406C9B /* Agent.app */,
				5288D65C1F7A4EE900406C9B /* AgentTests.xctest */,
				5288D6671F7A4EE900406C9B /* AgentUITests.xctest */,
			);
			name = Products;
			sourceTree = "<group>";
		};
		5288D64A1F7A4EE900406C9B /* Agent */ = {
			isa = PBXGroup;
			children = (
				5232C61E1FE1045E0004CF72 /* widget */,
				5288D64D1F7A4EE900406C9B /* ViewController.swift */,
				5288D64B1F7A4EE900406C9B /* AppDelegate.swift */,
				5254531C1FC7B432001FD475 /* AppView.storyboard */,
				5288D6521F7A4EE900406C9B /* Assets.xcassets */,
				5253485A1FBA9F390067D5FA /* Common.swift */,
				5254531E1FC7F13E001FD475 /* DataEncoding.swift */,
				5288D6571F7A4EE900406C9B /* Info.plist */,
				5288D6541F7A4EE900406C9B /* LaunchScreen.storyboard */,
				5288D64F1F7A4EE900406C9B /* Login.storyboard */,
				527F652B1FA1F76A0004A938 /* Main.storyboard */,
				5271B1171FCD320700A8450C /* external */,
				5253485C1FBC311D0067D5FA /* mixins */,
				52538AC11FAB036F00FCBC26 /* model */,
				5253485F1FBC52150067D5FA /* navigation */,
				5292648D1FBD6EC6000D98A4 /* NetworkManager.swift */,
				5216EB511FA0889B0051D35C /* views */,
			);
			path = Agent;
			sourceTree = "<group>";
		};
		5288D65F1F7A4EE900406C9B /* AgentTests */ = {
			isa = PBXGroup;
			children = (
				5288D6601F7A4EE900406C9B /* AgentTests.swift */,
				5288D6621F7A4EE900406C9B /* Info.plist */,
			);
			path = AgentTests;
			sourceTree = "<group>";
		};
		5288D66A1F7A4EE900406C9B /* AgentUITests */ = {
			isa = PBXGroup;
			children = (
				5288D66B1F7A4EE900406C9B /* AgentUITests.swift */,
				5288D66D1F7A4EE900406C9B /* Info.plist */,
			);
			path = AgentUITests;
			sourceTree = "<group>";
		};
		5288D67A1F7A55D700406C9B /* Bridging */ = {
			isa = PBXGroup;
			children = (
				5288D67B1F7A55D700406C9B /* Bridging-Header.h */,
			);
			path = Bridging;
			sourceTree = "<group>";
		};
		BE6934126BC25E54D11E8C23 /* Frameworks */ = {
			isa = PBXGroup;
			children = (
				E7ADCB9F5510FBAAB5DECF96 /* Pods_Agent.framework */,
				AF6BFE71300EEAFDA348E605 /* Pods_AgentTests.framework */,
				8C0FFD966F7EB019D310CF95 /* Pods_AgentUITests.framework */,
			);
			name = Frameworks;
			sourceTree = "<group>";
		};
		D6D3D79F9E62172DB35868B4 /* Pods */ = {
			isa = PBXGroup;
			children = (
				FEEA973955182E3260F1CB4F /* Pods-Agent.debug.xcconfig */,
				D40BFC9BA92B27687221036F /* Pods-Agent.release.xcconfig */,
			);
			name = Pods;
			sourceTree = "<group>";
		};
/* End PBXGroup section */

/* Begin PBXNativeTarget section */
		5288D6471F7A4EE900406C9B /* Agent */ = {
			isa = PBXNativeTarget;
			buildConfigurationList = 5288D6701F7A4EE900406C9B /* Build configuration list for PBXNativeTarget "Agent" */;
			buildPhases = (
				D7E5896CF46719901D18D4F1 /* [CP] Check Pods Manifest.lock */,
				5288D6441F7A4EE900406C9B /* Sources */,
				5288D6451F7A4EE900406C9B /* Frameworks */,
				5288D6461F7A4EE900406C9B /* Resources */,
				EEC8275B1FE895AB65E261D0 /* [CP] Embed Pods Frameworks */,
				A2979800353F0525D40A2819 /* [CP] Copy Pods Resources */,
			);
			buildRules = (
			);
			dependencies = (
			);
			name = Agent;
			productName = Agent;
			productReference = 5288D6481F7A4EE900406C9B /* Agent.app */;
			productType = "com.apple.product-type.application";
		};
		5288D65B1F7A4EE900406C9B /* AgentTests */ = {
			isa = PBXNativeTarget;
			buildConfigurationList = 5288D6731F7A4EE900406C9B /* Build configuration list for PBXNativeTarget "AgentTests" */;
			buildPhases = (
				5288D6581F7A4EE900406C9B /* Sources */,
				5288D6591F7A4EE900406C9B /* Frameworks */,
				5288D65A1F7A4EE900406C9B /* Resources */,
			);
			buildRules = (
			);
			dependencies = (
				5288D65E1F7A4EE900406C9B /* PBXTargetDependency */,
			);
			name = AgentTests;
			productName = AgentTests;
			productReference = 5288D65C1F7A4EE900406C9B /* AgentTests.xctest */;
			productType = "com.apple.product-type.bundle.unit-test";
		};
		5288D6661F7A4EE900406C9B /* AgentUITests */ = {
			isa = PBXNativeTarget;
			buildConfigurationList = 5288D6761F7A4EE900406C9B /* Build configuration list for PBXNativeTarget "AgentUITests" */;
			buildPhases = (
				5288D6631F7A4EE900406C9B /* Sources */,
				5288D6641F7A4EE900406C9B /* Frameworks */,
				5288D6651F7A4EE900406C9B /* Resources */,
			);
			buildRules = (
			);
			dependencies = (
				5288D6691F7A4EE900406C9B /* PBXTargetDependency */,
			);
			name = AgentUITests;
			productName = AgentUITests;
			productReference = 5288D6671F7A4EE900406C9B /* AgentUITests.xctest */;
			productType = "com.apple.product-type.bundle.ui-testing";
		};
/* End PBXNativeTarget section */

/* Begin PBXProject section */
		5288D6401F7A4EE800406C9B /* Project object */ = {
			isa = PBXProject;
			attributes = {
				LastSwiftUpdateCheck = 0820;
				LastUpgradeCheck = 0820;
				ORGANIZATIONNAME = xianlai;
				TargetAttributes = {
					5288D6471F7A4EE900406C9B = {
						CreatedOnToolsVersion = 8.2.1;
						DevelopmentTeam = 8XP599HH83;
						ProvisioningStyle = Automatic;
					};
					5288D65B1F7A4EE900406C9B = {
						CreatedOnToolsVersion = 8.2.1;
						ProvisioningStyle = Automatic;
						TestTargetID = 5288D6471F7A4EE900406C9B;
					};
					5288D6661F7A4EE900406C9B = {
						CreatedOnToolsVersion = 8.2.1;
						ProvisioningStyle = Automatic;
						TestTargetID = 5288D6471F7A4EE900406C9B;
					};
				};
			};
			buildConfigurationList = 5288D6431F7A4EE800406C9B /* Build configuration list for PBXProject "Agent" */;
			compatibilityVersion = "Xcode 3.2";
			developmentRegion = English;
			hasScannedForEncodings = 0;
			knownRegions = (
				en,
				Base,
			);
			mainGroup = 5288D63F1F7A4EE800406C9B;
			productRefGroup = 5288D6491F7A4EE900406C9B /* Products */;
			projectDirPath = "";
			projectRoot = "";
			targets = (
				5288D6471F7A4EE900406C9B /* Agent */,
				5288D65B1F7A4EE900406C9B /* AgentTests */,
				5288D6661F7A4EE900406C9B /* AgentUITests */,
			);
		};
/* End PBXProject section */

/* Begin PBXResourcesBuildPhase section */
		5288D6461F7A4EE900406C9B /* Resources */ = {
			isa = PBXResourcesBuildPhase;
			buildActionMask = 2147483647;
			files = (
				5288D6561F7A4EE900406C9B /* LaunchScreen.storyboard in Resources */,
				5232C63C1FE1045E0004CF72 /* ProfileInfoCell.xib in Resources */,
				5288D6531F7A4EE900406C9B /* Assets.xcassets in Resources */,
				5232C64F1FE1309D0004CF72 /* WKJSPOST.html in Resources */,
				5232C6371FE1045E0004CF72 /* OrderListCell.xib in Resources */,
				5232C6331FE1045E0004CF72 /* CustomerTableCell.xib in Resources */,
				5254531D1FC7B432001FD475 /* AppView.storyboard in Resources */,
				5232C63A1FE1045E0004CF72 /* ProfileHeadCell.xib in Resources */,
				5232C63E1FE1045E0004CF72 /* ProfileOptionCell.xib in Resources */,
				5232C6441FE104830004CF72 /* PaymentSelection.storyboard in Resources */,
				5288D6511F7A4EE900406C9B /* Login.storyboard in Resources */,
				5232C64E1FE1309D0004CF72 /* backItemImage_hl@2x.png in Resources */,
				5232C6401FE1045E0004CF72 /* RoomCardDetailCell.xib in Resources */,
				5232C6421FE1045E0004CF72 /* ToolViewCell.xib in Resources */,
				5232C6351FE1045E0004CF72 /* GoodsViewCell.xib in Resources */,
				527F652C1FA1F76A0004A938 /* Main.storyboard in Resources */,
				5232C64D1FE1309D0004CF72 /* backItemImage@2x.png in Resources */,
			);
			runOnlyForDeploymentPostprocessing = 0;
		};
		5288D65A1F7A4EE900406C9B /* Resources */ = {
			isa = PBXResourcesBuildPhase;
			buildActionMask = 2147483647;
			files = (
			);
			runOnlyForDeploymentPostprocessing = 0;
		};
		5288D6651F7A4EE900406C9B /* Resources */ = {
			isa = PBXResourcesBuildPhase;
			buildActionMask = 2147483647;
			files = (
			);
			runOnlyForDeploymentPostprocessing = 0;
		};
/* End PBXResourcesBuildPhase section */

/* Begin PBXShellScriptBuildPhase section */
		A2979800353F0525D40A2819 /* [CP] Copy Pods Resources */ = {
			isa = PBXShellScriptBuildPhase;
			buildActionMask = 2147483647;
			files = (
			);
			inputPaths = (
				"${SRCROOT}/Pods/Target Support Files/Pods-Agent/Pods-Agent-resources.sh",
				"${PODS_ROOT}/SVProgressHUD/SVProgressHUD/SVProgressHUD.bundle",
			);
			name = "[CP] Copy Pods Resources";
			outputPaths = (
				"${TARGET_BUILD_DIR}/${UNLOCALIZED_RESOURCES_FOLDER_PATH}",
			);
			runOnlyForDeploymentPostprocessing = 0;
			shellPath = /bin/sh;
			shellScript = "\"${SRCROOT}/Pods/Target Support Files/Pods-Agent/Pods-Agent-resources.sh\"\n";
			showEnvVarsInLog = 0;
		};
		D7E5896CF46719901D18D4F1 /* [CP] Check Pods Manifest.lock */ = {
			isa = PBXShellScriptBuildPhase;
			buildActionMask = 2147483647;
			files = (
			);
			inputPaths = (
				"${PODS_PODFILE_DIR_PATH}/Podfile.lock",
				"${PODS_ROOT}/Manifest.lock",
			);
			name = "[CP] Check Pods Manifest.lock";
			outputPaths = (
				"$(DERIVED_FILE_DIR)/Pods-Agent-checkManifestLockResult.txt",
			);
			runOnlyForDeploymentPostprocessing = 0;
			shellPath = /bin/sh;
			shellScript = "diff \"${PODS_PODFILE_DIR_PATH}/Podfile.lock\" \"${PODS_ROOT}/Manifest.lock\" > /dev/null\nif [ $? != 0 ] ; then\n    # print error to STDERR\n    echo \"error: The sandbox is not in sync with the Podfile.lock. Run 'pod install' or update your CocoaPods installation.\" >&2\n    exit 1\nfi\n# This output is used by Xcode 'outputs' to avoid re-running this script phase.\necho \"SUCCESS\" > \"${SCRIPT_OUTPUT_FILE_0}\"\n";
			showEnvVarsInLog = 0;
		};
		EEC8275B1FE895AB65E261D0 /* [CP] Embed Pods Frameworks */ = {
			isa = PBXShellScriptBuildPhase;
			buildActionMask = 2147483647;
			files = (
			);
			inputPaths = (
				"${SRCROOT}/Pods/Target Support Files/Pods-Agent/Pods-Agent-frameworks.sh",
				"${BUILT_PRODUCTS_DIR}/Alamofire/Alamofire.framework",
				"${BUILT_PRODUCTS_DIR}/CVCalendar/CVCalendar.framework",
				"${BUILT_PRODUCTS_DIR}/IQKeyboardManagerSwift/IQKeyboardManagerSwift.framework",
				"${BUILT_PRODUCTS_DIR}/MJRefresh/MJRefresh.framework",
				"${BUILT_PRODUCTS_DIR}/Moya/Moya.framework",
				"${BUILT_PRODUCTS_DIR}/ObjectMapper/ObjectMapper.framework",
				"${BUILT_PRODUCTS_DIR}/PagingMenuController/PagingMenuController.framework",
				"${BUILT_PRODUCTS_DIR}/PopupController/PopupController.framework",
				"${BUILT_PRODUCTS_DIR}/PopupDialog/PopupDialog.framework",
				"${BUILT_PRODUCTS_DIR}/Result/Result.framework",
				"${BUILT_PRODUCTS_DIR}/SDWebImage/SDWebImage.framework",
				"${BUILT_PRODUCTS_DIR}/SVProgressHUD/SVProgressHUD.framework",
				"${BUILT_PRODUCTS_DIR}/SnapKit/SnapKit.framework",
				"${BUILT_PRODUCTS_DIR}/SwiftyJSON/SwiftyJSON.framework",
				"${BUILT_PRODUCTS_DIR}/XLPagerTabStrip/XLPagerTabStrip.framework",
			);
			name = "[CP] Embed Pods Frameworks";
			outputPaths = (
				"${TARGET_BUILD_DIR}/${FRAMEWORKS_FOLDER_PATH}/Alamofire.framework",
				"${TARGET_BUILD_DIR}/${FRAMEWORKS_FOLDER_PATH}/CVCalendar.framework",
				"${TARGET_BUILD_DIR}/${FRAMEWORKS_FOLDER_PATH}/IQKeyboardManagerSwift.framework",
				"${TARGET_BUILD_DIR}/${FRAMEWORKS_FOLDER_PATH}/MJRefresh.framework",
				"${TARGET_BUILD_DIR}/${FRAMEWORKS_FOLDER_PATH}/Moya.framework",
				"${TARGET_BUILD_DIR}/${FRAMEWORKS_FOLDER_PATH}/ObjectMapper.framework",
				"${TARGET_BUILD_DIR}/${FRAMEWORKS_FOLDER_PATH}/PagingMenuController.framework",
				"${TARGET_BUILD_DIR}/${FRAMEWORKS_FOLDER_PATH}/PopupController.framework",
				"${TARGET_BUILD_DIR}/${FRAMEWORKS_FOLDER_PATH}/PopupDialog.framework",
				"${TARGET_BUILD_DIR}/${FRAMEWORKS_FOLDER_PATH}/Result.framework",
				"${TARGET_BUILD_DIR}/${FRAMEWORKS_FOLDER_PATH}/SDWebImage.framework",
				"${TARGET_BUILD_DIR}/${FRAMEWORKS_FOLDER_PATH}/SVProgressHUD.framework",
				"${TARGET_BUILD_DIR}/${FRAMEWORKS_FOLDER_PATH}/SnapKit.framework",
				"${TARGET_BUILD_DIR}/${FRAMEWORKS_FOLDER_PATH}/SwiftyJSON.framework",
				"${TARGET_BUILD_DIR}/${FRAMEWORKS_FOLDER_PATH}/XLPagerTabStrip.framework",
			);
			runOnlyForDeploymentPostprocessing = 0;
			shellPath = /bin/sh;
			shellScript = "\"${SRCROOT}/Pods/Target Support Files/Pods-Agent/Pods-Agent-frameworks.sh\"\n";
			showEnvVarsInLog = 0;
		};
/* End PBXShellScriptBuildPhase section */

/* Begin PBXSourcesBuildPhase section */
		5288D6441F7A4EE900406C9B /* Sources */ = {
			isa = PBXSourcesBuildPhase;
			buildActionMask = 2147483647;
			files = (
				5232C6361FE1045E0004CF72 /* OrderListCell.swift in Sources */,
				5232C6461FE104A00004CF72 /* PaymentSelection.swift in Sources */,
				523C23B81FDA8CFD006FD555 /* MyAgentUnOpen.swift in Sources */,
				523C23BA1FDA9DCB006FD555 /* MyAgentToOpen.swift in Sources */,
				52FD52091FD7D868007E023A /* CardSellListModel.swift in Sources */,
				523C23BC1FDAA22B006FD555 /* MyAgentAdmin.swift in Sources */,
				523C23B11FDA68D0006FD555 /* Authority.swift in Sources */,
				5266DA901FD8ED760025F23A /* UIViewController+.swift in Sources */,
				5292648E1FBD6EC6000D98A4 /* NetworkManager.swift in Sources */,
				52AD19091FDFC1C800B99DDD /* ModifyPasswordView.swift in Sources */,
				525348591FBA98D50067D5FA /* CustomerViewController.swift in Sources */,
				5276511A1FD6849F004F32EC /* ExternalPayView.swift in Sources */,
				523C23B41FDA7F7A006FD555 /* EditImageView.swift in Sources */,
				527F65241FA1E3D70004A938 /* LoginViewController.swift in Sources */,
				5253485B1FBA9F390067D5FA /* Common.swift in Sources */,
				5271B1131FCD309C00A8450C /* ProfileCellModel.swift in Sources */,
				525348611FBC530A0067D5FA /* MainNaviController.swift in Sources */,
				5251424E1FC57CFB000046DF /* RoomCardViewController.swift in Sources */,
				5288D64E1F7A4EE900406C9B /* ViewController.swift in Sources */,
				52AB5B021FE26297006F4BE9 /* SoldToPlayerDetailView.swift in Sources */,
				527F65281FA1F63F0004A938 /* AccountViewController.swift in Sources */,
				527F65201FA18C110004A938 /* MainViewController.swift in Sources */,
				52396BFA1FDE7E7400CEC050 /* NoticeListCellModel.swift in Sources */,
				522DD3A01FCEA59800AE9D62 /* CustomerTableCellModel.swift in Sources */,
				5253485E1FBC31C20067D5FA /* UIButton+.swift in Sources */,
				5283DB5F1FD1453C009759EF /* PurchaseCellModel.swift in Sources */,
				5254531F1FC7F13E001FD475 /* DataEncoding.swift in Sources */,
				52396BFC1FDE993900CEC050 /* MyAgentCellModel.swift in Sources */,
				52FD520D1FD7DD84007E023A /* CardDetailCellModel.swift in Sources */,
				523C23B61FDA824B006FD555 /* AboutView.swift in Sources */,
				5232C63B1FE1045E0004CF72 /* ProfileInfoCell.swift in Sources */,
				527F652A1FA1F6660004A938 /* ResetPwdViewController.swift in Sources */,
				5232C6311FE1045E0004CF72 /* BannerView.swift in Sources */,
				5271B12E1FCD3A0300A8450C /* TableTotalView2.swift in Sources */,
				52AD190D1FE0063A00B99DDD /* ModifyNickView.swift in Sources */,
				52FD520B1FD7D883007E023A /* CardBuyListModel.swift in Sources */,
				522DDCCE1FE0D37A00F4B296 /* ModifyTelView.swift in Sources */,
				527F65261FA1F2150004A938 /* ForgotViewController.swift in Sources */,
				525142501FC58621000046DF /* RequestBody.swift in Sources */,
				5271B11A1FCD320700A8450C /* NSData+Compression.m in Sources */,
				5271B12C1FCD39F400A8450C /* TableTotalView1.swift in Sources */,
				5266DA8E1FD8E42B0025F23A /* AccountController.swift in Sources */,
				526F73DD1FB403BD0010599C /* ProfileViewController.swift in Sources */,
				5232C63F1FE1045E0004CF72 /* RoomCardDetailCell.swift in Sources */,
				522DD3931FCE4EA200AE9D62 /* CardDepleteView.swift in Sources */,
				522DD39A1FCE67F500AE9D62 /* OrdersView.swift in Sources */,
				522DD3981FCE556D00AE9D62 /* PurchaseView.swift in Sources */,
				522DD3951FCE4EFE00AE9D62 /* CardBuyView.swift in Sources */,
				5276511C1FD6CC97004F32EC /* SalesConfirmView.swift in Sources */,
				525348631FBC561D0067D5FA /* SalesView.swift in Sources */,
				5232C63D1FE1045E0004CF72 /* ProfileOptionCell.swift in Sources */,
				5232C6501FE1309D0004CF72 /* WKWebViewController.m in Sources */,
				52582B871FC3C904003B871F /* AuthHeader.swift in Sources */,
				5232C6341FE1045E0004CF72 /* GoodsViewCell.swift in Sources */,
				527651181FD645B7004F32EC /* OrderListCellModel.swift in Sources */,
				52538AC01FAAF51400FCBC26 /* ProfileViewController1.swift in Sources */,
				5232C6391FE1045E0004CF72 /* ProfileHeadCell.swift in Sources */,
				5232C6321FE1045E0004CF72 /* CustomerTableCell.swift in Sources */,
				529B2A531FC2CDBA001B15F2 /* AgentInfo.swift in Sources */,
				5271B12A1FCD38A000A8450C /* TableRecentlyView.swift in Sources */,
				52396BF81FDE7B5100CEC050 /* NoticeDetailView.swift in Sources */,
				5288D64C1F7A4EE900406C9B /* AppDelegate.swift in Sources */,
				52AD190B1FDFDE7F00B99DDD /* BindTelView.swift in Sources */,
				52396BF61FDE7B3500CEC050 /* NoticeListView.swift in Sources */,
				5232C6411FE1045E0004CF72 /* ToolViewCell.swift in Sources */,
				5221C54A1FDF7847003B0F6F /* SMSCountButton.swift in Sources */,
				528634831FA2D76C0001B964 /* MenuViewController.swift in Sources */,
				522DD39C1FCE7DED00AE9D62 /* OrdersListView.swift in Sources */,
				523C23AF1FDA43FE006FD555 /* DoPayView.swift in Sources */,
				529264901FBDA071000D98A4 /* ErrorMessage.swift in Sources */,
			);
			runOnlyForDeploymentPostprocessing = 0;
		};
		5288D6581F7A4EE900406C9B /* Sources */ = {
			isa = PBXSourcesBuildPhase;
			buildActionMask = 2147483647;
			files = (
				5288D6611F7A4EE900406C9B /* AgentTests.swift in Sources */,
			);
			runOnlyForDeploymentPostprocessing = 0;
		};
		5288D6631F7A4EE900406C9B /* Sources */ = {
			isa = PBXSourcesBuildPhase;
			buildActionMask = 2147483647;
			files = (
				5288D66C1F7A4EE900406C9B /* AgentUITests.swift in Sources */,
			);
			runOnlyForDeploymentPostprocessing = 0;
		};
/* End PBXSourcesBuildPhase section */

/* Begin PBXTargetDependency section */
		5288D65E1F7A4EE900406C9B /* PBXTargetDependency */ = {
			isa = PBXTargetDependency;
			target = 5288D6471F7A4EE900406C9B /* Agent */;
			targetProxy = 5288D65D1F7A4EE900406C9B /* PBXContainerItemProxy */;
		};
		5288D6691F7A4EE900406C9B /* PBXTargetDependency */ = {
			isa = PBXTargetDependency;
			target = 5288D6471F7A4EE900406C9B /* Agent */;
			targetProxy = 5288D6681F7A4EE900406C9B /* PBXContainerItemProxy */;
		};
/* End PBXTargetDependency section */

/* Begin PBXVariantGroup section */
		5288D64F1F7A4EE900406C9B /* Login.storyboard */ = {
			isa = PBXVariantGroup;
			children = (
				5288D6501F7A4EE900406C9B /* Base */,
			);
			name = Login.storyboard;
			sourceTree = "<group>";
		};
		5288D6541F7A4EE900406C9B /* LaunchScreen.storyboard */ = {
			isa = PBXVariantGroup;
			children = (
				5288D6551F7A4EE900406C9B /* Base */,
			);
			name = LaunchScreen.storyboard;
			sourceTree = "<group>";
		};
/* End PBXVariantGroup section */

/* Begin XCBuildConfiguration section */
		5288D66E1F7A4EE900406C9B /* Debug */ = {
			isa = XCBuildConfiguration;
			buildSettings = {
				ALWAYS_SEARCH_USER_PATHS = NO;
				CLANG_ANALYZER_NONNULL = YES;
				CLANG_CXX_LANGUAGE_STANDARD = "gnu++0x";
				CLANG_CXX_LIBRARY = "libc++";
				CLANG_ENABLE_MODULES = YES;
				CLANG_ENABLE_OBJC_ARC = YES;
				CLANG_WARN_BOOL_CONVERSION = YES;
				CLANG_WARN_CONSTANT_CONVERSION = YES;
				CLANG_WARN_DIRECT_OBJC_ISA_USAGE = YES_ERROR;
				CLANG_WARN_DOCUMENTATION_COMMENTS = YES;
				CLANG_WARN_EMPTY_BODY = YES;
				CLANG_WARN_ENUM_CONVERSION = YES;
				CLANG_WARN_INFINITE_RECURSION = YES;
				CLANG_WARN_INT_CONVERSION = YES;
				CLANG_WARN_OBJC_ROOT_CLASS = YES_ERROR;
				CLANG_WARN_SUSPICIOUS_MOVE = YES;
				CLANG_WARN_UNREACHABLE_CODE = YES;
				CLANG_WARN__DUPLICATE_METHOD_MATCH = YES;
				"CODE_SIGN_IDENTITY[sdk=iphoneos*]" = "iPhone Developer";
				COPY_PHASE_STRIP = NO;
				DEBUG_INFORMATION_FORMAT = dwarf;
				ENABLE_STRICT_OBJC_MSGSEND = YES;
				ENABLE_TESTABILITY = YES;
				GCC_C_LANGUAGE_STANDARD = gnu99;
				GCC_DYNAMIC_NO_PIC = NO;
				GCC_NO_COMMON_BLOCKS = YES;
				GCC_OPTIMIZATION_LEVEL = 0;
				GCC_PREPROCESSOR_DEFINITIONS = (
					"DEBUG=1",
					"$(inherited)",
				);
				GCC_WARN_64_TO_32_BIT_CONVERSION = YES;
				GCC_WARN_ABOUT_RETURN_TYPE = YES_ERROR;
				GCC_WARN_UNDECLARED_SELECTOR = YES;
				GCC_WARN_UNINITIALIZED_AUTOS = YES_AGGRESSIVE;
				GCC_WARN_UNUSED_FUNCTION = YES;
				GCC_WARN_UNUSED_VARIABLE = YES;
				IPHONEOS_DEPLOYMENT_TARGET = 10.2;
				MTL_ENABLE_DEBUG_INFO = YES;
				ONLY_ACTIVE_ARCH = YES;
				SDKROOT = iphoneos;
				SWIFT_ACTIVE_COMPILATION_CONDITIONS = DEBUG;
				SWIFT_OPTIMIZATION_LEVEL = "-Onone";
				TARGETED_DEVICE_FAMILY = "1,2";
			};
			name = Debug;
		};
		5288D66F1F7A4EE900406C9B /* Release */ = {
			isa = XCBuildConfiguration;
			buildSettings = {
				ALWAYS_SEARCH_USER_PATHS = NO;
				CLANG_ANALYZER_NONNULL = YES;
				CLANG_CXX_LANGUAGE_STANDARD = "gnu++0x";
				CLANG_CXX_LIBRARY = "libc++";
				CLANG_ENABLE_MODULES = YES;
				CLANG_ENABLE_OBJC_ARC = YES;
				CLANG_WARN_BOOL_CONVERSION = YES;
				CLANG_WARN_CONSTANT_CONVERSION = YES;
				CLANG_WARN_DIRECT_OBJC_ISA_USAGE = YES_ERROR;
				CLANG_WARN_DOCUMENTATION_COMMENTS = YES;
				CLANG_WARN_EMPTY_BODY = YES;
				CLANG_WARN_ENUM_CONVERSION = YES;
				CLANG_WARN_INFINITE_RECURSION = YES;
				CLANG_WARN_INT_CONVERSION = YES;
				CLANG_WARN_OBJC_ROOT_CLASS = YES_ERROR;
				CLANG_WARN_SUSPICIOUS_MOVE = YES;
				CLANG_WARN_UNREACHABLE_CODE = YES;
				CLANG_WARN__DUPLICATE_METHOD_MATCH = YES;
				"CODE_SIGN_IDENTITY[sdk=iphoneos*]" = "iPhone Developer";
				COPY_PHASE_STRIP = NO;
				DEBUG_INFORMATION_FORMAT = "dwarf-with-dsym";
				ENABLE_NS_ASSERTIONS = NO;
				ENABLE_STRICT_OBJC_MSGSEND = YES;
				GCC_C_LANGUAGE_STANDARD = gnu99;
				GCC_NO_COMMON_BLOCKS = YES;
				GCC_WARN_64_TO_32_BIT_CONVERSION = YES;
				GCC_WARN_ABOUT_RETURN_TYPE = YES_ERROR;
				GCC_WARN_UNDECLARED_SELECTOR = YES;
				GCC_WARN_UNINITIALIZED_AUTOS = YES_AGGRESSIVE;
				GCC_WARN_UNUSED_FUNCTION = YES;
				GCC_WARN_UNUSED_VARIABLE = YES;
				IPHONEOS_DEPLOYMENT_TARGET = 10.2;
				MTL_ENABLE_DEBUG_INFO = NO;
				SDKROOT = iphoneos;
				SWIFT_OPTIMIZATION_LEVEL = "-Owholemodule";
				TARGETED_DEVICE_FAMILY = "1,2";
				VALIDATE_PRODUCT = YES;
			};
			name = Release;
		};
		5288D6711F7A4EE900406C9B /* Debug */ = {
			isa = XCBuildConfiguration;
			baseConfigurationReference = FEEA973955182E3260F1CB4F /* Pods-Agent.debug.xcconfig */;
			buildSettings = {
				ASSETCATALOG_COMPILER_APPICON_NAME = AppIcon;
				DEVELOPMENT_TEAM = 8XP599HH83;
				INFOPLIST_FILE = Agent/Info.plist;
				IPHONEOS_DEPLOYMENT_TARGET = 9.0;
				LD_RUNPATH_SEARCH_PATHS = "$(inherited) @executable_path/Frameworks";
				PRODUCT_BUNDLE_IDENTIFIER = xianlai.Agent;
				PRODUCT_NAME = "$(TARGET_NAME)";
				SWIFT_OBJC_BRIDGING_HEADER = "Bridging/Bridging-Header.h";
				SWIFT_OBJC_INTERFACE_HEADER_NAME = "Bridging-Header.h";
				SWIFT_VERSION = 3.0;
				TARGETED_DEVICE_FAMILY = 1;
			};
			name = Debug;
		};
		5288D6721F7A4EE900406C9B /* Release */ = {
			isa = XCBuildConfiguration;
			baseConfigurationReference = D40BFC9BA92B27687221036F /* Pods-Agent.release.xcconfig */;
			buildSettings = {
				ASSETCATALOG_COMPILER_APPICON_NAME = AppIcon;
				DEVELOPMENT_TEAM = 8XP599HH83;
				INFOPLIST_FILE = Agent/Info.plist;
				IPHONEOS_DEPLOYMENT_TARGET = 9.0;
				LD_RUNPATH_SEARCH_PATHS = "$(inherited) @executable_path/Frameworks";
				PRODUCT_BUNDLE_IDENTIFIER = xianlai.Agent;
				PRODUCT_NAME = "$(TARGET_NAME)";
				SWIFT_OBJC_BRIDGING_HEADER = "Bridging/Bridging-Header.h";
				SWIFT_OBJC_INTERFACE_HEADER_NAME = "Bridging-Header.h";
				SWIFT_VERSION = 3.0;
				TARGETED_DEVICE_FAMILY = 1;
			};
			name = Release;
		};
		5288D6741F7A4EE900406C9B /* Debug */ = {
			isa = XCBuildConfiguration;
			buildSettings = {
				ALWAYS_EMBED_SWIFT_STANDARD_LIBRARIES = YES;
				BUNDLE_LOADER = "$(TEST_HOST)";
				INFOPLIST_FILE = AgentTests/Info.plist;
				LD_RUNPATH_SEARCH_PATHS = "$(inherited) @executable_path/Frameworks @loader_path/Frameworks";
				PRODUCT_BUNDLE_IDENTIFIER = xianlai.AgentTests;
				PRODUCT_NAME = "$(TARGET_NAME)";
				SWIFT_OBJC_BRIDGING_HEADER = "Bridging/Bridging-Header.h";
				SWIFT_OBJC_INTERFACE_HEADER_NAME = "Bridging-Header.h";
				SWIFT_VERSION = 3.0;
				TEST_HOST = "$(BUILT_PRODUCTS_DIR)/Agent.app/Agent";
			};
			name = Debug;
		};
		5288D6751F7A4EE900406C9B /* Release */ = {
			isa = XCBuildConfiguration;
			buildSettings = {
				ALWAYS_EMBED_SWIFT_STANDARD_LIBRARIES = YES;
				BUNDLE_LOADER = "$(TEST_HOST)";
				INFOPLIST_FILE = AgentTests/Info.plist;
				LD_RUNPATH_SEARCH_PATHS = "$(inherited) @executable_path/Frameworks @loader_path/Frameworks";
				PRODUCT_BUNDLE_IDENTIFIER = xianlai.AgentTests;
				PRODUCT_NAME = "$(TARGET_NAME)";
				SWIFT_OBJC_BRIDGING_HEADER = "Bridging/Bridging-Header.h";
				SWIFT_OBJC_INTERFACE_HEADER_NAME = "Bridging-Header.h";
				SWIFT_VERSION = 3.0;
				TEST_HOST = "$(BUILT_PRODUCTS_DIR)/Agent.app/Agent";
			};
			name = Release;
		};
		5288D6771F7A4EE900406C9B /* Debug */ = {
			isa = XCBuildConfiguration;
			buildSettings = {
				ALWAYS_EMBED_SWIFT_STANDARD_LIBRARIES = YES;
				INFOPLIST_FILE = AgentUITests/Info.plist;
				LD_RUNPATH_SEARCH_PATHS = "$(inherited) @executable_path/Frameworks @loader_path/Frameworks";
				PRODUCT_BUNDLE_IDENTIFIER = xianlai.AgentUITests;
				PRODUCT_NAME = "$(TARGET_NAME)";
				SWIFT_OBJC_BRIDGING_HEADER = "Bridging/Bridging-Header.h";
				SWIFT_OBJC_INTERFACE_HEADER_NAME = "Bridging-Header.h";
				SWIFT_VERSION = 3.0;
				TEST_TARGET_NAME = Agent;
			};
			name = Debug;
		};
		5288D6781F7A4EE900406C9B /* Release */ = {
			isa = XCBuildConfiguration;
			buildSettings = {
				ALWAYS_EMBED_SWIFT_STANDARD_LIBRARIES = YES;
				INFOPLIST_FILE = AgentUITests/Info.plist;
				LD_RUNPATH_SEARCH_PATHS = "$(inherited) @executable_path/Frameworks @loader_path/Frameworks";
				PRODUCT_BUNDLE_IDENTIFIER = xianlai.AgentUITests;
				PRODUCT_NAME = "$(TARGET_NAME)";
				SWIFT_OBJC_BRIDGING_HEADER = "Bridging/Bridging-Header.h";
				SWIFT_OBJC_INTERFACE_HEADER_NAME = "Bridging-Header.h";
				SWIFT_VERSION = 3.0;
				TEST_TARGET_NAME = Agent;
			};
			name = Release;
		};
/* End XCBuildConfiguration section */

/* Begin XCConfigurationList section */
		5288D6431F7A4EE800406C9B /* Build configuration list for PBXProject "Agent" */ = {
			isa = XCConfigurationList;
			buildConfigurations = (
				5288D66E1F7A4EE900406C9B /* Debug */,
				5288D66F1F7A4EE900406C9B /* Release */,
			);
			defaultConfigurationIsVisible = 0;
			defaultConfigurationName = Release;
		};
		5288D6701F7A4EE900406C9B /* Build configuration list for PBXNativeTarget "Agent" */ = {
			isa = XCConfigurationList;
			buildConfigurations = (
				5288D6711F7A4EE900406C9B /* Debug */,
				5288D6721F7A4EE900406C9B /* Release */,
			);
			defaultConfigurationIsVisible = 0;
			defaultConfigurationName = Release;
		};
		5288D6731F7A4EE900406C9B /* Build configuration list for PBXNativeTarget "AgentTests" */ = {
			isa = XCConfigurationList;
			buildConfigurations = (
				5288D6741F7A4EE900406C9B /* Debug */,
				5288D6751F7A4EE900406C9B /* Release */,
			);
			defaultConfigurationIsVisible = 0;
			defaultConfigurationName = Release;
		};
		5288D6761F7A4EE900406C9B /* Build configuration list for PBXNativeTarget "AgentUITests" */ = {
			isa = XCConfigurationList;
			buildConfigurations = (
				5288D6771F7A4EE900406C9B /* Debug */,
				5288D6781F7A4EE900406C9B /* Release */,
			);
			defaultConfigurationIsVisible = 0;
			defaultConfigurationName = Release;
		};
/* End XCConfigurationList section */
	};
	rootObject = 5288D6401F7A4EE800406C9B /* Project object */;
}
